Microsoft Visual Studio Solution File, Format Version 12.00
# Visual Studio Version 17
VisualStudioVersion = 17.0.31903.59
MinimumVisualStudioVersion = 10.0.40219.1
Project(""{00D1A9C2-B5F0-4AF3-8072-F6C62B433612}"") = ""SmartAssetManager.Database"", ""SmartAssetManager.Database.sqlproj"", ""{CE18ED85-C734-4730-8237-D03C8B9A30CA}""
EndProject
Global
    GlobalSection(SolutionConfigurationPlatforms) = preSolution
        Debug|Any CPU = Debug|Any CPU
        Release|Any CPU = Release|Any CPU
    EndGlobalSection
    GlobalSection(ProjectConfigurationPlatforms) = postSolution
        {CE18ED85-C734-4730-8237-D03C8B9A30CA}.Debug|Any CPU.ActiveCfg = Debug|Any CPU
        {CE18ED85-C734-4730-8237-D03C8B9A30CA}.Debug|Any CPU.Build.0 = Debug|Any CPU
        {CE18ED85-C734-4730-8237-D03C8B9A30CA}.Release|Any CPU.ActiveCfg = Release|Any CPU
        {CE18ED85-C734-4730-8237-D03C8B9A30CA}.Release|Any CPU.Build.0 = Release|Any CPU
    EndGlobalSection
    GlobalSection(SolutionProperties) = preSolution
        HideSolutionNode = FALSE
    EndGlobalSection
EndGlobal
